Microsoft Visual Studio Solution File, Format Version 10.00
# Visual Studio 2008
Project("{8BC9CEB8-8B4A-11D0-8D11-00A0C91BC942}") = "winfingerprint", "winfingerprint.vcproj", "{F0BB6EB6-EEA2-4470-8A6D-3B487A7733A0}"
EndProject
Global
	GlobalSection(SolutionConfigurationPlatforms) = preSolution
		Debug|Win32 = Debug|Win32
		Release|Win32 = Release|Win32
	EndGlobalSection
	GlobalSection(ProjectConfigurationPlatforms) = postSolution
		{F0BB6EB6-EEA2-4470-8A6D-3B487A7733A0}.Debug|Win32.ActiveCfg = Debug|Win32
		{F0BB6EB6-EEA2-4470-8A6D-3B487A7733A0}.Debug|Win32.Build.0 = Debug|Win32
		{F0BB6EB6-EEA2-4470-8A6D-3B487A7733A0}.Release|Win32.ActiveCfg = Release|Win32
		{F0BB6EB6-EEA2-4470-8A6D-3B487A7733A0}.Release|Win32.Build.0 = Release|Win32
	EndGlobalSection
	GlobalSection(SolutionProperties) = preSolution
		HideSolutionNode = FALSE
	EndGlobalSection
EndGlobal
